
Microsoft Visual Studio Solution File, Format Version 12.00
# Visual Studio Version 17
VisualStudioVersion = 17.3.32922.545
MinimumVisualStudioVersion = 10.0.40219.1
Project("{8BC9CEB8-8B4A-11D0-8D11-00A0C91BC942}") = "TimerStopwatchapp", "TimerStopwatchapp\TimerStopwatchapp.vcxproj", "{CEE58B5F-8B75-44D5-A942-D37C925F30FA}"
EndProject
Global
	GlobalSection(SolutionConfigurationPlatforms) = preSolution
		Debug|x64 = Debug|x64
		Debug|x86 = Debug|x86
		Release|x64 = Release|x64
		Release|x86 = Release|x86
	EndGlobalSection
	GlobalSection(ProjectConfigurationPlatforms) = postSolution
		{CEE58B5F-8B75-44D5-A942-D37C925F30FA}.Debug|x64.ActiveCfg = Debug|x64
		{CEE58B5F-8B75-44D5-A942-D37C925F30FA}.Debug|x64.Build.0 = Debug|x64
		{CEE58B5F-8B75-44D5-A942-D37C925F30FA}.Debug|x86.ActiveCfg = Debug|Win32
		{CEE58B5F-8B75-44D5-A942-D37C925F30FA}.Debug|x86.Build.0 = Debug|Win32
		{CEE58B5F-8B75-44D5-A942-D37C925F30FA}.Release|x64.ActiveCfg = Release|x64
		{CEE58B5F-8B75-44D5-A942-D37C925F30FA}.Release|x64.Build.0 = Release|x64
		{CEE58B5F-8B75-44D5-A942-D37C925F30FA}.Release|x86.ActiveCfg = Release|Win32
		{CEE58B5F-8B75-44D5-A942-D37C925F30FA}.Release|x86.Build.0 = Release|Win32
	EndGlobalSection
	GlobalSection(SolutionProperties) = preSolution
		HideSolutionNode = FALSE
	EndGlobalSection
	GlobalSection(ExtensibilityGlobals) = postSolution
		SolutionGuid = {B5337DE8-9AA6-4AB7-BDB0-31B1B1A18464}
	EndGlobalSection
EndGlobal
